// !$*UTF8*$!
{
	archiveVersion = 1;
	classes = {
	};
	objectVersion = 50;
	objects = {

/* Begin PBXBuildFile section */
		643C418224589C1B00806D0F /* BeatModifier.swift in Sources */ = {isa = PBXBuildFile; fileRef = 643C418124589C1B00806D0F /* BeatModifier.swift */; };
		644A056C2456BC5D00BA3644 /* BeatTimer.swift in Sources */ = {isa = PBXBuildFile; fileRef = 644A056B2456BC5D00BA3644 /* BeatTimer.swift */; };
		64C1726A2459815900955BBD /* libYeelightController.a in Frameworks */ = {isa = PBXBuildFile; fileRef = 64C172692459815900955BBD /* libYeelightController.a */; };
		64FA0DDA2451F0BA009A46B9 /* main.swift in Sources */ = {isa = PBXBuildFile; fileRef = 64FA0DD92451F0BA009A46B9 /* main.swift */; };
		64FA0E2524520EA6009A46B9 /* BluetoothLE.swift in Sources */ = {isa = PBXBuildFile; fileRef = 64FA0E2424520EA6009A46B9 /* BluetoothLE.swift */; };
/* End PBXBuildFile section */

/* Begin PBXCopyFilesBuildPhase section */
		64FA0DD42451F0BA009A46B9 /* CopyFiles */ = {
			isa = PBXCopyFilesBuildPhase;
			buildActionMask = 2147483647;
			dstPath = /usr/share/man/man1/;
			dstSubfolderSpec = 0;
			files = (
			);
			runOnlyForDeploymentPostprocessing = 1;
		};
/* End PBXCopyFilesBuildPhase section */

/* Begin PBXFileReference section */
		643C418124589C1B00806D0F /* BeatModifier.swift */ = {isa = PBXFileReference; lastKnownFileType = sourcecode.swift; path = BeatModifier.swift; sourceTree = "<group>"; };
		644A056B2456BC5D00BA3644 /* BeatTimer.swift */ = {isa = PBXFileReference; lastKnownFileType = sourcecode.swift; path = BeatTimer.swift; sourceTree = "<group>"; };
		64C172672459815900955BBD /* x86_64.swiftdoc */ = {isa = PBXFileReference; lastKnownFileType = file; path = x86_64.swiftdoc; sourceTree = "<group>"; };
		64C172682459815900955BBD /* x86_64.swiftmodule */ = {isa = PBXFileReference; lastKnownFileType = file; path = x86_64.swiftmodule; sourceTree = "<group>"; };
		64C172692459815900955BBD /* libYeelightController.a */ = {isa = PBXFileReference; lastKnownFileType = archive.ar; path = libYeelightController.a; sourceTree = "<group>"; };
		64FA0DD62451F0BA009A46B9 /* HeartLight */ = {isa = PBXFileReference; explicitFileType = "compiled.mach-o.executable"; includeInIndex = 0; path = HeartLight; sourceTree = BUILT_PRODUCTS_DIR; };
		64FA0DD92451F0BA009A46B9 /* main.swift */ = {isa = PBXFileReference; lastKnownFileType = sourcecode.swift; path = main.swift; sourceTree = "<group>"; };
		64FA0E2424520EA6009A46B9 /* BluetoothLE.swift */ = {isa = PBXFileReference; lastKnownFileType = sourcecode.swift; path = BluetoothLE.swift; sourceTree = "<group>"; };
/* End PBXFileReference section */

/* Begin PBXFrameworksBuildPhase section */
		64FA0DD32451F0BA009A46B9 /* Frameworks */ = {
			isa = PBXFrameworksBuildPhase;
			buildActionMask = 2147483647;
			files = (
				64C1726A2459815900955BBD /* libYeelightController.a in Frameworks */,
			);
			runOnlyForDeploymentPostprocessing = 0;
		};
/* End PBXFrameworksBuildPhase section */

/* Begin PBXGroup section */
		64C172662459815900955BBD /* YeelightController.swiftmodule */ = {
			isa = PBXGroup;
			children = (
				64C172672459815900955BBD /* x86_64.swiftdoc */,
				64C172682459815900955BBD /* x86_64.swiftmodule */,
			);
			path = YeelightController.swiftmodule;
			sourceTree = "<group>";
		};
		64FA0DCD2451F0BA009A46B9 = {
			isa = PBXGroup;
			children = (
				64FA0DE02451F1B1009A46B9 /* lib */,
				64FA0DD82451F0BA009A46B9 /* HeartLight */,
				64FA0DD72451F0BA009A46B9 /* Products */,
				64FA0DE62451F57E009A46B9 /* Frameworks */,
			);
			sourceTree = "<group>";
		};
		64FA0DD72451F0BA009A46B9 /* Products */ = {
			isa = PBXGroup;
			children = (
				64FA0DD62451F0BA009A46B9 /* HeartLight */,
			);
			name = Products;
			sourceTree = "<group>";
		};
		64FA0DD82451F0BA009A46B9 /* HeartLight */ = {
			isa = PBXGroup;
			children = (
				64FA0DD92451F0BA009A46B9 /* main.swift */,
				64FA0E2424520EA6009A46B9 /* BluetoothLE.swift */,
				644A056B2456BC5D00BA3644 /* BeatTimer.swift */,
				643C418124589C1B00806D0F /* BeatModifier.swift */,
			);
			path = HeartLight;
			sourceTree = "<group>";
		};
		64FA0DE02451F1B1009A46B9 /* lib */ = {
			isa = PBXGroup;
			children = (
				64C172692459815900955BBD /* libYeelightController.a */,
				64C172662459815900955BBD /* YeelightController.swiftmodule */,
			);
			path = lib;
			sourceTree = "<group>";
		};
		64FA0DE62451F57E009A46B9 /* Frameworks */ = {
			isa = PBXGroup;
			children = (
			);
			name = Frameworks;
			sourceTree = "<group>";
		};
/* End PBXGroup section */

/* Begin PBXNativeTarget section */
		64FA0DD52451F0BA009A46B9 /* HeartLight */ = {
			isa = PBXNativeTarget;
			buildConfigurationList = 64FA0DDD2451F0BA009A46B9 /* Build configuration list for PBXNativeTarget "HeartLight" */;
			buildPhases = (
				64FA0DD22451F0BA009A46B9 /* Sources */,
				64FA0DD32451F0BA009A46B9 /* Frameworks */,
				64FA0DD42451F0BA009A46B9 /* CopyFiles */,
			);
			buildRules = (
			);
			dependencies = (
			);
			name = HeartLight;
			productName = HeartLight;
			productReference = 64FA0DD62451F0BA009A46B9 /* HeartLight */;
			productType = "com.apple.product-type.tool";
		};
/* End PBXNativeTarget section */

/* Begin PBXProject section */
		64FA0DCE2451F0BA009A46B9 /* Project object */ = {
			isa = PBXProject;
			attributes = {
				LastSwiftUpdateCheck = 1030;
				LastUpgradeCheck = 1030;
				ORGANIZATIONNAME = "Keith Lee";
				TargetAttributes = {
					64FA0DD52451F0BA009A46B9 = {
						CreatedOnToolsVersion = 10.3;
					};
				};
			};
			buildConfigurationList = 64FA0DD12451F0BA009A46B9 /* Build configuration list for PBXProject "HeartLight" */;
			compatibilityVersion = "Xcode 9.3";
			developmentRegion = en;
			hasScannedForEncodings = 0;
			knownRegions = (
				en,
			);
			mainGroup = 64FA0DCD2451F0BA009A46B9;
			productRefGroup = 64FA0DD72451F0BA009A46B9 /* Products */;
			projectDirPath = "";
			projectRoot = "";
			targets = (
				64FA0DD52451F0BA009A46B9 /* HeartLight */,
			);
		};
/* End PBXProject section */

/* Begin PBXSourcesBuildPhase section */
		64FA0DD22451F0BA009A46B9 /* Sources */ = {
			isa = PBXSourcesBuildPhase;
			buildActionMask = 2147483647;
			files = (
				643C418224589C1B00806D0F /* BeatModifier.swift in Sources */,
				64FA0DDA2451F0BA009A46B9 /* main.swift in Sources */,
				644A056C2456BC5D00BA3644 /* BeatTimer.swift in Sources */,
				64FA0E2524520EA6009A46B9 /* BluetoothLE.swift in Sources */,
			);
			runOnlyForDeploymentPostprocessing = 0;
		};
/* End PBXSourcesBuildPhase section */

/* Begin XCBuildConfiguration section */
		64FA0DDB2451F0BA009A46B9 /* Debug */ = {
			isa = XCBuildConfiguration;
			buildSettings = {
				ALWAYS_SEARCH_USER_PATHS = NO;
				CLANG_ANALYZER_NONNULL = YES;
				CLANG_ANALYZER_NUMBER_OBJECT_CONVERSION = YES_AGGRESSIVE;
				CLANG_CXX_LANGUAGE_STANDARD = "gnu++14";
				CLANG_CXX_LIBRARY = "libc++";
				CLANG_ENABLE_MODULES = YES;
				CLANG_ENABLE_OBJC_ARC = YES;
				CLANG_ENABLE_OBJC_WEAK = YES;
				CLANG_WARN_BLOCK_CAPTURE_AUTORELEASING = YES;
				CLANG_WARN_BOOL_CONVERSION = YES;
				CLANG_WARN_COMMA = YES;
				CLANG_WARN_CONSTANT_CONVERSION = YES;
				CLANG_WARN_DEPRECATED_OBJC_IMPLEMENTATIONS = YES;
				CLANG_WARN_DIRECT_OBJC_ISA_USAGE = YES_ERROR;
				CLANG_WARN_DOCUMENTATION_COMMENTS = YES;
				CLANG_WARN_EMPTY_BODY = YES;
				CLANG_WARN_ENUM_CONVERSION = YES;
				CLANG_WARN_INFINITE_RECURSION = YES;
				CLANG_WARN_INT_CONVERSION = YES;
				CLANG_WARN_NON_LITERAL_NULL_CONVERSION = YES;
				CLANG_WARN_OBJC_IMPLICIT_RETAIN_SELF = YES;
				CLANG_WARN_OBJC_LITERAL_CONVERSION = YES;
				CLANG_WARN_OBJC_ROOT_CLASS = YES_ERROR;
				CLANG_WARN_RANGE_LOOP_ANALYSIS = YES;
				CLANG_WARN_STRICT_PROTOTYPES = YES;
				CLANG_WARN_SUSPICIOUS_MOVE = YES;
				CLANG_WARN_UNGUARDED_AVAILABILITY = YES_AGGRESSIVE;
				CLANG_WARN_UNREACHABLE_CODE = YES;
				CLANG_WARN__DUPLICATE_METHOD_MATCH = YES;
				CODE_SIGN_IDENTITY = "Mac Developer";
				COPY_PHASE_STRIP = NO;
				DEBUG_INFORMATION_FORMAT = dwarf;
				ENABLE_STRICT_OBJC_MSGSEND = YES;
				ENABLE_TESTABILITY = YES;
				GCC_C_LANGUAGE_STANDARD = gnu11;
				GCC_DYNAMIC_NO_PIC = NO;
				GCC_NO_COMMON_BLOCKS = YES;
				GCC_OPTIMIZATION_LEVEL = 0;
				GCC_PREPROCESSOR_DEFINITIONS = (
					"DEBUG=1",
					"$(inherited)",
				);
				GCC_WARN_64_TO_32_BIT_CONVERSION = YES;
				GCC_WARN_ABOUT_RETURN_TYPE = YES_ERROR;
				GCC_WARN_UNDECLARED_SELECTOR = YES;
				GCC_WARN_UNINITIALIZED_AUTOS = YES_AGGRESSIVE;
				GCC_WARN_UNUSED_FUNCTION = YES;
				GCC_WARN_UNUSED_VARIABLE = YES;
				MACOSX_DEPLOYMENT_TARGET = 10.14;
				MTL_ENABLE_DEBUG_INFO = INCLUDE_SOURCE;
				MTL_FAST_MATH = YES;
				ONLY_ACTIVE_ARCH = YES;
				SDKROOT = macosx;
				SWIFT_ACTIVE_COMPILATION_CONDITIONS = DEBUG;
				SWIFT_OPTIMIZATION_LEVEL = "-Onone";
			};
			name = Debug;
		};
		64FA0DDC2451F0BA009A46B9 /* Release */ = {
			isa = XCBuildConfiguration;
			buildSettings = {
				ALWAYS_SEARCH_USER_PATHS = NO;
				CLANG_ANALYZER_NONNULL = YES;
				CLANG_ANALYZER_NUMBER_OBJECT_CONVERSION = YES_AGGRESSIVE;
				CLANG_CXX_LANGUAGE_STANDARD = "gnu++14";
				CLANG_CXX_LIBRARY = "libc++";
				CLANG_ENABLE_MODULES = YES;
				CLANG_ENABLE_OBJC_ARC = YES;
				CLANG_ENABLE_OBJC_WEAK = YES;
				CLANG_WARN_BLOCK_CAPTURE_AUTORELEASING = YES;
				CLANG_WARN_BOOL_CONVERSION = YES;
				CLANG_WARN_COMMA = YES;
				CLANG_WARN_CONSTANT_CONVERSION = YES;
				CLANG_WARN_DEPRECATED_OBJC_IMPLEMENTATIONS = YES;
				CLANG_WARN_DIRECT_OBJC_ISA_USAGE = YES_ERROR;
				CLANG_WARN_DOCUMENTATION_COMMENTS = YES;
				CLANG_WARN_EMPTY_BODY = YES;
				CLANG_WARN_ENUM_CONVERSION = YES;
				CLANG_WARN_INFINITE_RECURSION = YES;
				CLANG_WARN_INT_CONVERSION = YES;
				CLANG_WARN_NON_LITERAL_NULL_CONVERSION = YES;
				CLANG_WARN_OBJC_IMPLICIT_RETAIN_SELF = YES;
				CLANG_WARN_OBJC_LITERAL_CONVERSION = YES;
				CLANG_WARN_OBJC_ROOT_CLASS = YES_ERROR;
				CLANG_WARN_RANGE_LOOP_ANALYSIS = YES;
				CLANG_WARN_STRICT_PROTOTYPES = YES;
				CLANG_WARN_SUSPICIOUS_MOVE = YES;
				CLANG_WARN_UNGUARDED_AVAILABILITY = YES_AGGRESSIVE;
				CLANG_WARN_UNREACHABLE_CODE = YES;
				CLANG_WARN__DUPLICATE_METHOD_MATCH = YES;
				CODE_SIGN_IDENTITY = "Mac Developer";
				COPY_PHASE_STRIP = NO;
				DEBUG_INFORMATION_FORMAT = "dwarf-with-dsym";
				ENABLE_NS_ASSERTIONS = NO;
				ENABLE_STRICT_OBJC_MSGSEND = YES;
				GCC_C_LANGUAGE_STANDARD = gnu11;
				GCC_NO_COMMON_BLOCKS = YES;
				GCC_WARN_64_TO_32_BIT_CONVERSION = YES;
				GCC_WARN_ABOUT_RETURN_TYPE = YES_ERROR;
				GCC_WARN_UNDECLARED_SELECTOR = YES;
				GCC_WARN_UNINITIALIZED_AUTOS = YES_AGGRESSIVE;
				GCC_WARN_UNUSED_FUNCTION = YES;
				GCC_WARN_UNUSED_VARIABLE = YES;
				MACOSX_DEPLOYMENT_TARGET = 10.14;
				MTL_ENABLE_DEBUG_INFO = NO;
				MTL_FAST_MATH = YES;
				SDKROOT = macosx;
				SWIFT_COMPILATION_MODE = wholemodule;
				SWIFT_OPTIMIZATION_LEVEL = "-O";
			};
			name = Release;
		};
		64FA0DDE2451F0BA009A46B9 /* Debug */ = {
			isa = XCBuildConfiguration;
			buildSettings = {
				CODE_SIGN_STYLE = Automatic;
				DEVELOPMENT_TEAM = UK6M8ZDXSG;
				LIBRARY_SEARCH_PATHS = (
					"$(inherited)",
					"$(PROJECT_DIR)/lib",
				);
				PRODUCT_NAME = "$(TARGET_NAME)";
				SWIFT_INCLUDE_PATHS = "$(PROJECT_DIR)/lib";
				SWIFT_VERSION = 5.0;
			};
			name = Debug;
		};
		64FA0DDF2451F0BA009A46B9 /* Release */ = {
			isa = XCBuildConfiguration;
			buildSettings = {
				CODE_SIGN_STYLE = Automatic;
				DEVELOPMENT_TEAM = UK6M8ZDXSG;
				LIBRARY_SEARCH_PATHS = (
					"$(inherited)",
					"$(PROJECT_DIR)/lib",
				);
				PRODUCT_NAME = "$(TARGET_NAME)";
				SWIFT_INCLUDE_PATHS = "$(PROJECT_DIR)/lib";
				SWIFT_VERSION = 5.0;
			};
			name = Release;
		};
/* End XCBuildConfiguration section */

/* Begin XCConfigurationList section */
		64FA0DD12451F0BA009A46B9 /* Build configuration list for PBXProject "HeartLight" */ = {
			isa = XCConfigurationList;
			buildConfigurations = (
				64FA0DDB2451F0BA009A46B9 /* Debug */,
				64FA0DDC2451F0BA009A46B9 /* Release */,
			);
			defaultConfigurationIsVisible = 0;
			defaultConfigurationName = Release;
		};
		64FA0DDD2451F0BA009A46B9 /* Build configuration list for PBXNativeTarget "HeartLight" */ = {
			isa = XCConfigurationList;
			buildConfigurations = (
				64FA0DDE2451F0BA009A46B9 /* Debug */,
				64FA0DDF2451F0BA009A46B9 /* Release */,
			);
			defaultConfigurationIsVisible = 0;
			defaultConfigurationName = Release;
		};
/* End XCConfigurationList section */
	};
	rootObject = 64FA0DCE2451F0BA009A46B9 /* Project object */;
}
